
Microsoft Visual Studio Solution File, Format Version 12.00
# Visual Studio Version 16
VisualStudioVersion = 16.0.31402.337
MinimumVisualStudioVersion = 10.0.40219.1
Project("{FAE04EC0-301F-11D3-BF4B-00C04F79EFBC}") = "task", "task\task.csproj", "{56ECB400-1F20-4958-A14B-2D5FB71CF431}"
EndProject
Global
	GlobalSection(SolutionConfigurationPlatforms) = preSolution
		Debug|Any CPU = Debug|Any CPU
		Release|Any CPU = Release|Any CPU
	EndGlobalSection
	GlobalSection(ProjectConfigurationPlatforms) = postSolution
		{56ECB400-1F20-4958-A14B-2D5FB71CF431}.Debug|Any CPU.ActiveCfg = Debug|Any CPU
		{56ECB400-1F20-4958-A14B-2D5FB71CF431}.Debug|Any CPU.Build.0 = Debug|Any CPU
		{56ECB400-1F20-4958-A14B-2D5FB71CF431}.Release|Any CPU.ActiveCfg = Release|Any CPU
		{56ECB400-1F20-4958-A14B-2D5FB71CF431}.Release|Any CPU.Build.0 = Release|Any CPU
	EndGlobalSection
	GlobalSection(SolutionProperties) = preSolution
		HideSolutionNode = FALSE
	EndGlobalSection
	GlobalSection(ExtensibilityGlobals) = postSolution
		SolutionGuid = {19DB5507-B76F-46F8-BC9B-9F6CE6FE7184}
	EndGlobalSection
EndGlobal
